
Microsoft Visual Studio Solution File, Format Version 12.00
# Visual Studio 15
Project("{FAE04EC0-301F-11D3-BF4B-00C04F79EFBC}") = "Assembly-CSharp", "Assembly-CSharp.csproj", "{001BDE8E-99DF-903E-FA0F-926817CDF89C}"
EndProject
Project("{FAE04EC0-301F-11D3-BF4B-00C04F79EFBC}") = "Assembly-CSharp-Editor", "Assembly-CSharp-Editor.csproj", "{3850A334-5DE5-1193-85F9-AD03E8C4AD47}"
EndProject
Global
	GlobalSection(SolutionConfigurationPlatforms) = preSolution
		Debug|Any CPU = Debug|Any CPU
		Release|Any CPU = Release|Any CPU
	EndGlobalSection
	GlobalSection(ProjectConfigurationPlatforms) = postSolution
		{001BDE8E-99DF-903E-FA0F-926817CDF89C}.Debug|Any CPU.ActiveCfg = Debug|Any CPU
		{001BDE8E-99DF-903E-FA0F-926817CDF89C}.Debug|Any CPU.Build.0 = Debug|Any CPU
		{001BDE8E-99DF-903E-FA0F-926817CDF89C}.Release|Any CPU.ActiveCfg = Release|Any CPU
		{001BDE8E-99DF-903E-FA0F-926817CDF89C}.Release|Any CPU.Build.0 = Release|Any CPU
		{3850A334-5DE5-1193-85F9-AD03E8C4AD47}.Debug|Any CPU.ActiveCfg = Debug|Any CPU
		{3850A334-5DE5-1193-85F9-AD03E8C4AD47}.Debug|Any CPU.Build.0 = Debug|Any CPU
		{3850A334-5DE5-1193-85F9-AD03E8C4AD47}.Release|Any CPU.ActiveCfg = Release|Any CPU
		{3850A334-5DE5-1193-85F9-AD03E8C4AD47}.Release|Any CPU.Build.0 = Release|Any CPU
	EndGlobalSection
	GlobalSection(SolutionProperties) = preSolution
		HideSolutionNode = FALSE
	EndGlobalSection
EndGlobal
